
Microsoft Visual Studio Solution File, Format Version 12.00
# Visual Studio Version 17
VisualStudioVersion = 17.5.33516.290
MinimumVisualStudioVersion = 10.0.40219.1
Project("{FAE04EC0-301F-11D3-BF4B-00C04F79EFBC}") = "FitnessTracker", "FitnessTracker.csproj", "{9FB8AD18-04B7-49F2-BFD5-014D213BB6AD}"
EndProject
Global
	GlobalSection(SolutionConfigurationPlatforms) = preSolution
		Debug|Any CPU = Debug|Any CPU
		Release|Any CPU = Release|Any CPU
	EndGlobalSection
	GlobalSection(ProjectConfigurationPlatforms) = postSolution
		{9FB8AD18-04B7-49F2-BFD5-014D213BB6AD}.Debug|Any CPU.ActiveCfg = Debug|Any CPU
		{9FB8AD18-04B7-49F2-BFD5-014D213BB6AD}.Debug|Any CPU.Build.0 = Debug|Any CPU
		{9FB8AD18-04B7-49F2-BFD5-014D213BB6AD}.Release|Any CPU.ActiveCfg = Release|Any CPU
		{9FB8AD18-04B7-49F2-BFD5-014D213BB6AD}.Release|Any CPU.Build.0 = Release|Any CPU
	EndGlobalSection
	GlobalSection(SolutionProperties) = preSolution
		HideSolutionNode = FALSE
	EndGlobalSection
	GlobalSection(ExtensibilityGlobals) = postSolution
		SolutionGuid = {E0030639-0286-4248-8C94-5438042F676D}
	EndGlobalSection
EndGlobal
